// !$*UTF8*$!
{
	archiveVersion = 1;
	classes = {
	};
	objectVersion = 56;
	objects = {

/* Begin PBXBuildFile section */
		130AB5462A2942D4003B3006 /* HortaTipo.swift in Sources */ = {isa = PBXBuildFile; fileRef = 130AB5452A2942D4003B3006 /* HortaTipo.swift */; };
		130AB54A2A29456E003B3006 /* HortaInformation.swift in Sources */ = {isa = PBXBuildFile; fileRef = 130AB5492A29456E003B3006 /* HortaInformation.swift */; };
		130AB54C2A2947D8003B3006 /* FrequenciaRega.swift in Sources */ = {isa = PBXBuildFile; fileRef = 130AB54B2A2947D8003B3006 /* FrequenciaRega.swift */; };
		133E2E222A200EB9007BF16F /* HeaderMenu.swift in Sources */ = {isa = PBXBuildFile; fileRef = 133E2E212A200EB9007BF16F /* HeaderMenu.swift */; };
		133E2E242A200F88007BF16F /* DescriptionHorta.swift in Sources */ = {isa = PBXBuildFile; fileRef = 133E2E232A200F88007BF16F /* DescriptionHorta.swift */; };
		136606932A1EE6710001757A /* ListHortaComponent.swift in Sources */ = {isa = PBXBuildFile; fileRef = 136606922A1EE6710001757A /* ListHortaComponent.swift */; };
		1385EAE22A216899006E3487 /* ScrollProfilePhoto.swift in Sources */ = {isa = PBXBuildFile; fileRef = 1385EAE12A216899006E3487 /* ScrollProfilePhoto.swift */; };
		13A3F0EE2A1ED08900119336 /* HortaComponent.swift in Sources */ = {isa = PBXBuildFile; fileRef = 13A3F0ED2A1ED08900119336 /* HortaComponent.swift */; };
		3D49C34D2A3921C40026D305 /* MainView.swift in Sources */ = {isa = PBXBuildFile; fileRef = 3D49C34C2A3921C40026D305 /* MainView.swift */; };
		3D49C3502A39270A0026D305 /* TextScreen.swift in Sources */ = {isa = PBXBuildFile; fileRef = 3D49C34F2A39270A0026D305 /* TextScreen.swift */; };
		3D5276042A3A7A4B001D2A79 /* NameTextfield.swift in Sources */ = {isa = PBXBuildFile; fileRef = 3D5276032A3A7A4B001D2A79 /* NameTextfield.swift */; };
		3D5276062A3A7A92001D2A79 /* DescriptionTextfield.swift in Sources */ = {isa = PBXBuildFile; fileRef = 3D5276052A3A7A92001D2A79 /* DescriptionTextfield.swift */; };
		54673DCF2A2E9A8200348020 /* adjustmentItem.swift in Sources */ = {isa = PBXBuildFile; fileRef = 54673DCE2A2E9A8200348020 /* adjustmentItem.swift */; };
		54673DD12A2E9D3300348020 /* RadioButton.swift in Sources */ = {isa = PBXBuildFile; fileRef = 54673DD02A2E9D3300348020 /* RadioButton.swift */; };
		54673DD32A2E9D9F00348020 /* AdjustmentView.swift in Sources */ = {isa = PBXBuildFile; fileRef = 54673DD22A2E9D9F00348020 /* AdjustmentView.swift */; };
		54673DD52A2EA52700348020 /* ThemeSelectView.swift in Sources */ = {isa = PBXBuildFile; fileRef = 54673DD42A2EA52700348020 /* ThemeSelectView.swift */; };
		54673DD72A312F0600348020 /* NavigationIconView.swift in Sources */ = {isa = PBXBuildFile; fileRef = 54673DD62A312F0600348020 /* NavigationIconView.swift */; };
		54673DDB2A3157D300348020 /* Defaults.swift in Sources */ = {isa = PBXBuildFile; fileRef = 54673DDA2A3157D300348020 /* Defaults.swift */; };
		64119F782A2020C8007DC0B7 /* ViewTesteNav.swift in Sources */ = {isa = PBXBuildFile; fileRef = 64119F772A2020C8007DC0B7 /* ViewTesteNav.swift */; };
		641207F32A218076000D11EB /* OnboardingScreenThree.swift in Sources */ = {isa = PBXBuildFile; fileRef = 641207F22A218076000D11EB /* OnboardingScreenThree.swift */; };
		641207F52A2180F5000D11EB /* OnboardingScreenFour.swift in Sources */ = {isa = PBXBuildFile; fileRef = 641207F42A2180F5000D11EB /* OnboardingScreenFour.swift */; };
		641C95392A27EF1E00B20BA3 /* CardProximaRega.swift in Sources */ = {isa = PBXBuildFile; fileRef = 641C95382A27EF1E00B20BA3 /* CardProximaRega.swift */; };
		641C953B2A27EFF400B20BA3 /* BotaoMarcarRegado.swift in Sources */ = {isa = PBXBuildFile; fileRef = 641C953A2A27EFF400B20BA3 /* BotaoMarcarRegado.swift */; };
		641C95402A27FA7F00B20BA3 /* BotaoFeito.swift in Sources */ = {isa = PBXBuildFile; fileRef = 641C953F2A27FA7F00B20BA3 /* BotaoFeito.swift */; };
		641D71C52A26A8B30040CBCC /* Satoshi-Medium.otf in Resources */ = {isa = PBXBuildFile; fileRef = 641D71C42A26A8B30040CBCC /* Satoshi-Medium.otf */; };
		641D71C72A26A9700040CBCC /* Satoshi-Black.otf in Resources */ = {isa = PBXBuildFile; fileRef = 641D71C62A26A9700040CBCC /* Satoshi-Black.otf */; };
		641D71C92A26A9810040CBCC /* Satoshi-BlackItalic.otf in Resources */ = {isa = PBXBuildFile; fileRef = 641D71C82A26A9810040CBCC /* Satoshi-BlackItalic.otf */; };
		641D71CB2A26A98B0040CBCC /* Satoshi-Bold.otf in Resources */ = {isa = PBXBuildFile; fileRef = 641D71CA2A26A98B0040CBCC /* Satoshi-Bold.otf */; };
		641D71CD2A26A9940040CBCC /* Satoshi-BoldItalic.otf in Resources */ = {isa = PBXBuildFile; fileRef = 641D71CC2A26A9940040CBCC /* Satoshi-BoldItalic.otf */; };
		641D71CF2A26A9A30040CBCC /* Satoshi-Italic.otf in Resources */ = {isa = PBXBuildFile; fileRef = 641D71CE2A26A9A30040CBCC /* Satoshi-Italic.otf */; };
		641D71D12A26A9AC0040CBCC /* Satoshi-Light.otf in Resources */ = {isa = PBXBuildFile; fileRef = 641D71D02A26A9AC0040CBCC /* Satoshi-Light.otf */; };
		641D71D32A26A9BC0040CBCC /* Satoshi-LightItalic.otf in Resources */ = {isa = PBXBuildFile; fileRef = 641D71D22A26A9BC0040CBCC /* Satoshi-LightItalic.otf */; };
		641D71D52A26A9C90040CBCC /* Satoshi-MediumItalic.otf in Resources */ = {isa = PBXBuildFile; fileRef = 641D71D42A26A9C90040CBCC /* Satoshi-MediumItalic.otf */; };
		641D71D72A26A9D50040CBCC /* Satoshi-Regular.otf in Resources */ = {isa = PBXBuildFile; fileRef = 641D71D62A26A9D50040CBCC /* Satoshi-Regular.otf */; };
		641D71D92A26B8680040CBCC /* CardLembrete.swift in Sources */ = {isa = PBXBuildFile; fileRef = 641D71D82A26B8680040CBCC /* CardLembrete.swift */; };
		642014092A1EB86E001DCE6B /* Navigation.swift in Sources */ = {isa = PBXBuildFile; fileRef = 642014082A1EB86E001DCE6B /* Navigation.swift */; };
		646CDFED2A255E4F008E74F1 /* Card.swift in Sources */ = {isa = PBXBuildFile; fileRef = 646CDFEC2A255E4F008E74F1 /* Card.swift */; };
		64B207922A1D7DFE00F440EF /* HortCult_PotatosHeadApp.swift in Sources */ = {isa = PBXBuildFile; fileRef = 64B207912A1D7DFE00F440EF /* HortCult_PotatosHeadApp.swift */; };
		64B207942A1D7DFE00F440EF /* OnBoardingScreen.swift in Sources */ = {isa = PBXBuildFile; fileRef = 64B207932A1D7DFE00F440EF /* OnBoardingScreen.swift */; };
		64B207962A1D7DFF00F440EF /* Assets.xcassets in Resources */ = {isa = PBXBuildFile; fileRef = 64B207952A1D7DFF00F440EF /* Assets.xcassets */; };
		64B207992A1D7DFF00F440EF /* Preview Assets.xcassets in Resources */ = {isa = PBXBuildFile; fileRef = 64B207982A1D7DFF00F440EF /* Preview Assets.xcassets */; };
		64B2079B2A1D7DFF00F440EF /* Persistence.swift in Sources */ = {isa = PBXBuildFile; fileRef = 64B2079A2A1D7DFF00F440EF /* Persistence.swift */; };
		64B2079E2A1D7DFF00F440EF /* HortCult_PotatosHead.xcdatamodeld in Sources */ = {isa = PBXBuildFile; fileRef = 64B2079C2A1D7DFF00F440EF /* HortCult_PotatosHead.xcdatamodeld */; };
		64BC668C2A294D3900A75C63 /* NotificationManager.swift in Sources */ = {isa = PBXBuildFile; fileRef = 64BC668B2A294D3900A75C63 /* NotificationManager.swift */; };
		64C4765B2A26B1DB006D499A /* CustomTabBar.swift in Sources */ = {isa = PBXBuildFile; fileRef = 64C4765A2A26B1DB006D499A /* CustomTabBar.swift */; };
		64D659B92A1ECADD004F96F9 /* OnboardingSkull.swift in Sources */ = {isa = PBXBuildFile; fileRef = 64D659B82A1ECADD004F96F9 /* OnboardingSkull.swift */; };
		64D659BC2A1ED778004F96F9 /* ButtonOnboarding.swift in Sources */ = {isa = PBXBuildFile; fileRef = 64D659BB2A1ED778004F96F9 /* ButtonOnboarding.swift */; };
		64E15AFA2A1D82E00043A96E /* OnboardingScreenTwo.swift in Sources */ = {isa = PBXBuildFile; fileRef = 64E15AF92A1D82E00043A96E /* OnboardingScreenTwo.swift */; };
		64E15AFD2A1D830E0043A96E /* FirstLogin.swift in Sources */ = {isa = PBXBuildFile; fileRef = 64E15AFC2A1D830E0043A96E /* FirstLogin.swift */; };
		9B0663612A2EB2A2001DC0B8 /* HomeView.swift in Sources */ = {isa = PBXBuildFile; fileRef = 9B0663602A2EB2A2001DC0B8 /* HomeView.swift */; };
		EF3922382A3BC761004A5FC2 /* ImageSpace.swift in Sources */ = {isa = PBXBuildFile; fileRef = EF3922372A3BC761004A5FC2 /* ImageSpace.swift */; };
		EF39223B2A3BE3FD004A5FC2 /* AlertComponent.swift in Sources */ = {isa = PBXBuildFile; fileRef = EF39223A2A3BE3FD004A5FC2 /* AlertComponent.swift */; };
		EF82B6D42A3A91590012B048 /* ImagePickerComponent.swift in Sources */ = {isa = PBXBuildFile; fileRef = EF82B6D32A3A91590012B048 /* ImagePickerComponent.swift */; };
/* End PBXBuildFile section */

/* Begin PBXFileReference section */
		130AB5452A2942D4003B3006 /* HortaTipo.swift */ = {isa = PBXFileReference; lastKnownFileType = sourcecode.swift; path = HortaTipo.swift; sourceTree = "<group>"; };
		130AB5492A29456E003B3006 /* HortaInformation.swift */ = {isa = PBXFileReference; lastKnownFileType = sourcecode.swift; path = HortaInformation.swift; sourceTree = "<group>"; };
		130AB54B2A2947D8003B3006 /* FrequenciaRega.swift */ = {isa = PBXFileReference; lastKnownFileType = sourcecode.swift; path = FrequenciaRega.swift; sourceTree = "<group>"; };
		133E2E212A200EB9007BF16F /* HeaderMenu.swift */ = {isa = PBXFileReference; lastKnownFileType = sourcecode.swift; path = HeaderMenu.swift; sourceTree = "<group>"; };
		133E2E232A200F88007BF16F /* DescriptionHorta.swift */ = {isa = PBXFileReference; lastKnownFileType = sourcecode.swift; path = DescriptionHorta.swift; sourceTree = "<group>"; };
		136606922A1EE6710001757A /* ListHortaComponent.swift */ = {isa = PBXFileReference; lastKnownFileType = sourcecode.swift; path = ListHortaComponent.swift; sourceTree = "<group>"; };
		1385EAE12A216899006E3487 /* ScrollProfilePhoto.swift */ = {isa = PBXFileReference; lastKnownFileType = sourcecode.swift; path = ScrollProfilePhoto.swift; sourceTree = "<group>"; };
		13A3F0ED2A1ED08900119336 /* HortaComponent.swift */ = {isa = PBXFileReference; lastKnownFileType = sourcecode.swift; path = HortaComponent.swift; sourceTree = "<group>"; };
		3D49C34C2A3921C40026D305 /* MainView.swift */ = {isa = PBXFileReference; lastKnownFileType = sourcecode.swift; path = MainView.swift; sourceTree = "<group>"; };
		3D49C34F2A39270A0026D305 /* TextScreen.swift */ = {isa = PBXFileReference; lastKnownFileType = sourcecode.swift; path = TextScreen.swift; sourceTree = "<group>"; };
		3D5276032A3A7A4B001D2A79 /* NameTextfield.swift */ = {isa = PBXFileReference; lastKnownFileType = sourcecode.swift; path = NameTextfield.swift; sourceTree = "<group>"; };
		3D5276052A3A7A92001D2A79 /* DescriptionTextfield.swift */ = {isa = PBXFileReference; lastKnownFileType = sourcecode.swift; path = DescriptionTextfield.swift; sourceTree = "<group>"; };
		54673DCE2A2E9A8200348020 /* adjustmentItem.swift */ = {isa = PBXFileReference; lastKnownFileType = sourcecode.swift; path = adjustmentItem.swift; sourceTree = "<group>"; };
		54673DD02A2E9D3300348020 /* RadioButton.swift */ = {isa = PBXFileReference; lastKnownFileType = sourcecode.swift; path = RadioButton.swift; sourceTree = "<group>"; };
		54673DD22A2E9D9F00348020 /* AdjustmentView.swift */ = {isa = PBXFileReference; lastKnownFileType = sourcecode.swift; path = AdjustmentView.swift; sourceTree = "<group>"; };
		54673DD42A2EA52700348020 /* ThemeSelectView.swift */ = {isa = PBXFileReference; lastKnownFileType = sourcecode.swift; path = ThemeSelectView.swift; sourceTree = "<group>"; };
		54673DD62A312F0600348020 /* NavigationIconView.swift */ = {isa = PBXFileReference; lastKnownFileType = sourcecode.swift; path = NavigationIconView.swift; sourceTree = "<group>"; };
		54673DDA2A3157D300348020 /* Defaults.swift */ = {isa = PBXFileReference; lastKnownFileType = sourcecode.swift; path = Defaults.swift; sourceTree = "<group>"; };
		64119F772A2020C8007DC0B7 /* ViewTesteNav.swift */ = {isa = PBXFileReference; lastKnownFileType = sourcecode.swift; path = ViewTesteNav.swift; sourceTree = "<group>"; };
		641207F22A218076000D11EB /* OnboardingScreenThree.swift */ = {isa = PBXFileReference; lastKnownFileType = sourcecode.swift; path = OnboardingScreenThree.swift; sourceTree = "<group>"; };
		641207F42A2180F5000D11EB /* OnboardingScreenFour.swift */ = {isa = PBXFileReference; lastKnownFileType = sourcecode.swift; path = OnboardingScreenFour.swift; sourceTree = "<group>"; };
		641C95382A27EF1E00B20BA3 /* CardProximaRega.swift */ = {isa = PBXFileReference; lastKnownFileType = sourcecode.swift; path = CardProximaRega.swift; sourceTree = "<group>"; };
		641C953A2A27EFF400B20BA3 /* BotaoMarcarRegado.swift */ = {isa = PBXFileReference; lastKnownFileType = sourcecode.swift; path = BotaoMarcarRegado.swift; sourceTree = "<group>"; };
		641C953F2A27FA7F00B20BA3 /* BotaoFeito.swift */ = {isa = PBXFileReference; lastKnownFileType = sourcecode.swift; path = BotaoFeito.swift; sourceTree = "<group>"; };
		641D71C42A26A8B30040CBCC /* Satoshi-Medium.otf */ = {isa = PBXFileReference; lastKnownFileType = file; path = "Satoshi-Medium.otf"; sourceTree = "<group>"; };
		641D71C62A26A9700040CBCC /* Satoshi-Black.otf */ = {isa = PBXFileReference; lastKnownFileType = file; name = "Satoshi-Black.otf"; path = "HortCult-PotatosHead/Assets.xcassets/Satoshi-Black.dataset/Satoshi-Black.otf"; sourceTree = SOURCE_ROOT; };
		641D71C82A26A9810040CBCC /* Satoshi-BlackItalic.otf */ = {isa = PBXFileReference; lastKnownFileType = file; name = "Satoshi-BlackItalic.otf"; path = "HortCult-PotatosHead/Assets.xcassets/Satoshi-BlackItalic.dataset/Satoshi-BlackItalic.otf"; sourceTree = SOURCE_ROOT; };
		641D71CA2A26A98B0040CBCC /* Satoshi-Bold.otf */ = {isa = PBXFileReference; lastKnownFileType = file; name = "Satoshi-Bold.otf"; path = "HortCult-PotatosHead/Assets.xcassets/Satoshi-Bold.dataset/Satoshi-Bold.otf"; sourceTree = SOURCE_ROOT; };
		641D71CC2A26A9940040CBCC /* Satoshi-BoldItalic.otf */ = {isa = PBXFileReference; lastKnownFileType = file; name = "Satoshi-BoldItalic.otf"; path = "HortCult-PotatosHead/Assets.xcassets/Satoshi-BoldItalic.dataset/Satoshi-BoldItalic.otf"; sourceTree = SOURCE_ROOT; };
		641D71CE2A26A9A30040CBCC /* Satoshi-Italic.otf */ = {isa = PBXFileReference; lastKnownFileType = file; name = "Satoshi-Italic.otf"; path = "HortCult-PotatosHead/Assets.xcassets/Satoshi-Italic.dataset/Satoshi-Italic.otf"; sourceTree = SOURCE_ROOT; };
		641D71D02A26A9AC0040CBCC /* Satoshi-Light.otf */ = {isa = PBXFileReference; lastKnownFileType = file; name = "Satoshi-Light.otf"; path = "HortCult-PotatosHead/Assets.xcassets/Satoshi-Light.dataset/Satoshi-Light.otf"; sourceTree = SOURCE_ROOT; };
		641D71D22A26A9BC0040CBCC /* Satoshi-LightItalic.otf */ = {isa = PBXFileReference; lastKnownFileType = file; name = "Satoshi-LightItalic.otf"; path = "HortCult-PotatosHead/Assets.xcassets/Satoshi-LightItalic.dataset/Satoshi-LightItalic.otf"; sourceTree = SOURCE_ROOT; };
		641D71D42A26A9C90040CBCC /* Satoshi-MediumItalic.otf */ = {isa = PBXFileReference; lastKnownFileType = file; name = "Satoshi-MediumItalic.otf"; path = "HortCult-PotatosHead/Assets.xcassets/Satoshi-MediumItalic.dataset/Satoshi-MediumItalic.otf"; sourceTree = SOURCE_ROOT; };
		641D71D62A26A9D50040CBCC /* Satoshi-Regular.otf */ = {isa = PBXFileReference; lastKnownFileType = file; name = "Satoshi-Regular.otf"; path = "HortCult-PotatosHead/Assets.xcassets/Satoshi-Regular.dataset/Satoshi-Regular.otf"; sourceTree = SOURCE_ROOT; };
		641D71D82A26B8680040CBCC /* CardLembrete.swift */ = {isa = PBXFileReference; lastKnownFileType = sourcecode.swift; path = CardLembrete.swift; sourceTree = "<group>"; };
		642014082A1EB86E001DCE6B /* Navigation.swift */ = {isa = PBXFileReference; lastKnownFileType = sourcecode.swift; path = Navigation.swift; sourceTree = "<group>"; };
		646CDFEC2A255E4F008E74F1 /* Card.swift */ = {isa = PBXFileReference; lastKnownFileType = sourcecode.swift; path = Card.swift; sourceTree = "<group>"; };
		64B2078E2A1D7DFE00F440EF /* HortCult-PotatosHead.app */ = {isa = PBXFileReference; explicitFileType = wrapper.application; includeInIndex = 0; path = "HortCult-PotatosHead.app"; sourceTree = BUILT_PRODUCTS_DIR; };
		64B207912A1D7DFE00F440EF /* HortCult_PotatosHeadApp.swift */ = {isa = PBXFileReference; lastKnownFileType = sourcecode.swift; path = HortCult_PotatosHeadApp.swift; sourceTree = "<group>"; };
		64B207932A1D7DFE00F440EF /* OnBoardingScreen.swift */ = {isa = PBXFileReference; lastKnownFileType = sourcecode.swift; path = OnBoardingScreen.swift; sourceTree = "<group>"; };
		64B207952A1D7DFF00F440EF /* Assets.xcassets */ = {isa = PBXFileReference; lastKnownFileType = folder.assetcatalog; path = Assets.xcassets; sourceTree = "<group>"; };
		64B207982A1D7DFF00F440EF /* Preview Assets.xcassets */ = {isa = PBXFileReference; lastKnownFileType = folder.assetcatalog; path = "Preview Assets.xcassets"; sourceTree = "<group>"; };
		64B2079A2A1D7DFF00F440EF /* Persistence.swift */ = {isa = PBXFileReference; lastKnownFileType = sourcecode.swift; path = Persistence.swift; sourceTree = "<group>"; };
		64B2079D2A1D7DFF00F440EF /* HortCult_PotatosHead.xcdatamodel */ = {isa = PBXFileReference; lastKnownFileType = wrapper.xcdatamodel; path = HortCult_PotatosHead.xcdatamodel; sourceTree = "<group>"; };
		64BC668B2A294D3900A75C63 /* NotificationManager.swift */ = {isa = PBXFileReference; lastKnownFileType = sourcecode.swift; path = NotificationManager.swift; sourceTree = "<group>"; };
		64C4765A2A26B1DB006D499A /* CustomTabBar.swift */ = {isa = PBXFileReference; lastKnownFileType = sourcecode.swift; path = CustomTabBar.swift; sourceTree = "<group>"; };
		64D659B82A1ECADD004F96F9 /* OnboardingSkull.swift */ = {isa = PBXFileReference; lastKnownFileType = sourcecode.swift; path = OnboardingSkull.swift; sourceTree = "<group>"; };
		64D659BB2A1ED778004F96F9 /* ButtonOnboarding.swift */ = {isa = PBXFileReference; lastKnownFileType = sourcecode.swift; path = ButtonOnboarding.swift; sourceTree = "<group>"; };
		64E15AF72A1D80750043A96E /* Info.plist */ = {isa = PBXFileReference; lastKnownFileType = text.plist; path = Info.plist; sourceTree = "<group>"; };
		64E15AF92A1D82E00043A96E /* OnboardingScreenTwo.swift */ = {isa = PBXFileReference; lastKnownFileType = sourcecode.swift; path = OnboardingScreenTwo.swift; sourceTree = "<group>"; };
		64E15AFC2A1D830E0043A96E /* FirstLogin.swift */ = {isa = PBXFileReference; lastKnownFileType = sourcecode.swift; path = FirstLogin.swift; sourceTree = "<group>"; };
		9B0663602A2EB2A2001DC0B8 /* HomeView.swift */ = {isa = PBXFileReference; lastKnownFileType = sourcecode.swift; path = HomeView.swift; sourceTree = "<group>"; };
		EF3922372A3BC761004A5FC2 /* ImageSpace.swift */ = {isa = PBXFileReference; lastKnownFileType = sourcecode.swift; path = ImageSpace.swift; sourceTree = "<group>"; };
		EF39223A2A3BE3FD004A5FC2 /* AlertComponent.swift */ = {isa = PBXFileReference; lastKnownFileType = sourcecode.swift; path = AlertComponent.swift; sourceTree = "<group>"; };
		EF82B6D32A3A91590012B048 /* ImagePickerComponent.swift */ = {isa = PBXFileReference; lastKnownFileType = sourcecode.swift; path = ImagePickerComponent.swift; sourceTree = "<group>"; };
/* End PBXFileReference section */

/* Begin PBXFrameworksBuildPhase section */
		64B2078B2A1D7DFE00F440EF /* Frameworks */ = {
			isa = PBXFrameworksBuildPhase;
			buildActionMask = 2147483647;
			files = (
			);
			runOnlyForDeploymentPostprocessing = 0;
		};
/* End PBXFrameworksBuildPhase section */

/* Begin PBXGroup section */
		136606912A1EE6570001757A /* HeaderMinhaHorta */ = {
			isa = PBXGroup;
			children = (
				1385EADE2A21670D006E3487 /* Components */,
				133E2E212A200EB9007BF16F /* HeaderMenu.swift */,
			);
			path = HeaderMinhaHorta;
			sourceTree = "<group>";
		};
		1385EADD2A21635C006E3487 /* MockViews */ = {
			isa = PBXGroup;
			children = (
				64119F772A2020C8007DC0B7 /* ViewTesteNav.swift */,
				133E2E232A200F88007BF16F /* DescriptionHorta.swift */,
			);
			path = MockViews;
			sourceTree = "<group>";
		};
		1385EADE2A21670D006E3487 /* Components */ = {
			isa = PBXGroup;
			children = (
				136606922A1EE6710001757A /* ListHortaComponent.swift */,
				13A3F0ED2A1ED08900119336 /* HortaComponent.swift */,
			);
			path = Components;
			sourceTree = "<group>";
		};
		1385EADF2A216870006E3487 /* HortaInformation */ = {
			isa = PBXGroup;
			children = (
				1385EAE02A21687B006E3487 /* Components */,
				130AB5492A29456E003B3006 /* HortaInformation.swift */,
			);
			path = HortaInformation;
			sourceTree = "<group>";
		};
		1385EAE02A21687B006E3487 /* Components */ = {
			isa = PBXGroup;
			children = (
				1385EAE12A216899006E3487 /* ScrollProfilePhoto.swift */,
				130AB5452A2942D4003B3006 /* HortaTipo.swift */,
				130AB54B2A2947D8003B3006 /* FrequenciaRega.swift */,
			);
			path = Components;
			sourceTree = "<group>";
		};
		3D49C34E2A3926910026D305 /* Textfield */ = {
			isa = PBXGroup;
			children = (
				3D49C34F2A39270A0026D305 /* TextScreen.swift */,
				3D5276032A3A7A4B001D2A79 /* NameTextfield.swift */,
				3D5276052A3A7A92001D2A79 /* DescriptionTextfield.swift */,
			);
			path = Textfield;
			sourceTree = "<group>";
		};
		54673DCC2A2E999300348020 /* adjustmentScreens */ = {
			isa = PBXGroup;
			children = (
				54673DCD2A2E9A5D00348020 /* subviews */,
				54673DD22A2E9D9F00348020 /* AdjustmentView.swift */,
				54673DD42A2EA52700348020 /* ThemeSelectView.swift */,
			);
			path = adjustmentScreens;
			sourceTree = "<group>";
		};
		54673DCD2A2E9A5D00348020 /* subviews */ = {
			isa = PBXGroup;
			children = (
				54673DCE2A2E9A8200348020 /* adjustmentItem.swift */,
				54673DD02A2E9D3300348020 /* RadioButton.swift */,
				54673DD62A312F0600348020 /* NavigationIconView.swift */,
			);
			path = subviews;
			sourceTree = "<group>";
		};
		641C953C2A27F78200B20BA3 /* Reminders */ = {
			isa = PBXGroup;
			children = (
				641C953E2A27F7F300B20BA3 /* Buttons */,
				641C953D2A27F7E200B20BA3 /* Cards */,
			);
			path = Reminders;
			sourceTree = "<group>";
		};
		641C953D2A27F7E200B20BA3 /* Cards */ = {
			isa = PBXGroup;
			children = (
				641C95382A27EF1E00B20BA3 /* CardProximaRega.swift */,
				641D71D82A26B8680040CBCC /* CardLembrete.swift */,
				646CDFEC2A255E4F008E74F1 /* Card.swift */,
			);
			path = Cards;
			sourceTree = "<group>";
		};
		641C953E2A27F7F300B20BA3 /* Buttons */ = {
			isa = PBXGroup;
			children = (
				641C953A2A27EFF400B20BA3 /* BotaoMarcarRegado.swift */,
				641C953F2A27FA7F00B20BA3 /* BotaoFeito.swift */,
			);
			path = Buttons;
			sourceTree = "<group>";
		};
		641D71C22A26A7BA0040CBCC /* Fonts */ = {
			isa = PBXGroup;
			children = (
				641D71C62A26A9700040CBCC /* Satoshi-Black.otf */,
				641D71CE2A26A9A30040CBCC /* Satoshi-Italic.otf */,
				641D71C82A26A9810040CBCC /* Satoshi-BlackItalic.otf */,
				641D71D02A26A9AC0040CBCC /* Satoshi-Light.otf */,
				641D71D62A26A9D50040CBCC /* Satoshi-Regular.otf */,
				641D71CC2A26A9940040CBCC /* Satoshi-BoldItalic.otf */,
				641D71D22A26A9BC0040CBCC /* Satoshi-LightItalic.otf */,
				641D71CA2A26A98B0040CBCC /* Satoshi-Bold.otf */,
				641D71D42A26A9C90040CBCC /* Satoshi-MediumItalic.otf */,
				641D71C42A26A8B30040CBCC /* Satoshi-Medium.otf */,
			);
			path = Fonts;
			sourceTree = "<group>";
		};
		64B207852A1D7DFE00F440EF = {
			isa = PBXGroup;
			children = (
				64B207902A1D7DFE00F440EF /* HortCult-PotatosHead */,
				64B2078F2A1D7DFE00F440EF /* Products */,
			);
			sourceTree = "<group>";
		};
		64B2078F2A1D7DFE00F440EF /* Products */ = {
			isa = PBXGroup;
			children = (
				64B2078E2A1D7DFE00F440EF /* HortCult-PotatosHead.app */,
			);
			name = Products;
			sourceTree = "<group>";
		};
		64B207902A1D7DFE00F440EF /* HortCult-PotatosHead */ = {
			isa = PBXGroup;
			children = (
				641D71C22A26A7BA0040CBCC /* Fonts */,
				64E15AF72A1D80750043A96E /* Info.plist */,
				64B207912A1D7DFE00F440EF /* HortCult_PotatosHeadApp.swift */,
				64E15AF82A1D82AF0043A96E /* Views */,
				64B207952A1D7DFF00F440EF /* Assets.xcassets */,
				64B2079A2A1D7DFF00F440EF /* Persistence.swift */,
				64B2079C2A1D7DFF00F440EF /* HortCult_PotatosHead.xcdatamodeld */,
				64B207972A1D7DFF00F440EF /* Preview Content */,
				54673DDA2A3157D300348020 /* Defaults.swift */,
			);
			path = "HortCult-PotatosHead";
			sourceTree = "<group>";
		};
		64B207972A1D7DFF00F440EF /* Preview Content */ = {
			isa = PBXGroup;
			children = (
				64B207982A1D7DFF00F440EF /* Preview Assets.xcassets */,
			);
			path = "Preview Content";
			sourceTree = "<group>";
		};
		64BC668A2A294CF000A75C63 /* PredefinedNotifications */ = {
			isa = PBXGroup;
			children = (
				64BC668B2A294D3900A75C63 /* NotificationManager.swift */,
			);
			path = PredefinedNotifications;
			sourceTree = "<group>";
		};
		64C476572A26A80A006D499A /* HomeViewScreen */ = {
			isa = PBXGroup;
			children = (
				64C4765A2A26B1DB006D499A /* CustomTabBar.swift */,
				3D49C34C2A3921C40026D305 /* MainView.swift */,
				9B0663602A2EB2A2001DC0B8 /* HomeView.swift */,
			);
			path = HomeViewScreen;
			sourceTree = "<group>";
		};
		64D659B72A1ECABB004F96F9 /* onBoardingScreen */ = {
			isa = PBXGroup;
			children = (
				64D659BA2A1ED75C004F96F9 /* ReusableComponents */,
				64D659B82A1ECADD004F96F9 /* OnboardingSkull.swift */,
			);
			path = onBoardingScreen;
			sourceTree = "<group>";
		};
		64D659BA2A1ED75C004F96F9 /* ReusableComponents */ = {
			isa = PBXGroup;
			children = (
				64D659BB2A1ED778004F96F9 /* ButtonOnboarding.swift */,
			);
			path = ReusableComponents;
			sourceTree = "<group>";
		};
		64E15AF82A1D82AF0043A96E /* Views */ = {
			isa = PBXGroup;
			children = (
				EF3922392A3BE3EA004A5FC2 /* Alerts */,
				EF82B6D12A3A91320012B048 /* HortaForm */,
				3D49C34E2A3926910026D305 /* Textfield */,
				54673DCC2A2E999300348020 /* adjustmentScreens */,
				64BC668A2A294CF000A75C63 /* PredefinedNotifications */,
				64C476572A26A80A006D499A /* HomeViewScreen */,
				64D659B72A1ECABB004F96F9 /* onBoardingScreen */,
				64B207932A1D7DFE00F440EF /* OnBoardingScreen.swift */,
				64E15AF92A1D82E00043A96E /* OnboardingScreenTwo.swift */,
				641207F22A218076000D11EB /* OnboardingScreenThree.swift */,
				641207F42A2180F5000D11EB /* OnboardingScreenFour.swift */,
				641C953C2A27F78200B20BA3 /* Reminders */,
				1385EADD2A21635C006E3487 /* MockViews */,
				136606912A1EE6570001757A /* HeaderMinhaHorta */,
				1385EADF2A216870006E3487 /* HortaInformation */,
				64E15AFC2A1D830E0043A96E /* FirstLogin.swift */,
				642014082A1EB86E001DCE6B /* Navigation.swift */,
			);
			path = Views;
			sourceTree = "<group>";
		};
		EF3922362A3BC73D004A5FC2 /* Components */ = {
			isa = PBXGroup;
			children = (
				EF3922372A3BC761004A5FC2 /* ImageSpace.swift */,
			);
			path = Components;
			sourceTree = "<group>";
		};
		EF3922392A3BE3EA004A5FC2 /* Alerts */ = {
			isa = PBXGroup;
			children = (
				EF39223A2A3BE3FD004A5FC2 /* AlertComponent.swift */,
			);
			path = Alerts;
			sourceTree = "<group>";
		};
		EF82B6D12A3A91320012B048 /* HortaForm */ = {
			isa = PBXGroup;
			children = (
				EF82B6D22A3A913F0012B048 /* ImagePicker */,
			);
			path = HortaForm;
			sourceTree = "<group>";
		};
		EF82B6D22A3A913F0012B048 /* ImagePicker */ = {
			isa = PBXGroup;
			children = (
				EF3922362A3BC73D004A5FC2 /* Components */,
				EF82B6D32A3A91590012B048 /* ImagePickerComponent.swift */,
			);
			path = ImagePicker;
			sourceTree = "<group>";
		};
/* End PBXGroup section */

/* Begin PBXNativeTarget section */
		64B2078D2A1D7DFE00F440EF /* HortCult-PotatosHead */ = {
			isa = PBXNativeTarget;
			buildConfigurationList = 64B207A12A1D7DFF00F440EF /* Build configuration list for PBXNativeTarget "HortCult-PotatosHead" */;
			buildPhases = (
				64B2078A2A1D7DFE00F440EF /* Sources */,
				64B2078B2A1D7DFE00F440EF /* Frameworks */,
				64B2078C2A1D7DFE00F440EF /* Resources */,
			);
			buildRules = (
			);
			dependencies = (
			);
			name = "HortCult-PotatosHead";
			productName = "HortCult-PotatosHead";
			productReference = 64B2078E2A1D7DFE00F440EF /* HortCult-PotatosHead.app */;
			productType = "com.apple.product-type.application";
		};
/* End PBXNativeTarget section */

/* Begin PBXProject section */
		64B207862A1D7DFE00F440EF /* Project object */ = {
			isa = PBXProject;
			attributes = {
				BuildIndependentTargetsInParallel = 1;
				LastSwiftUpdateCheck = 1430;
				LastUpgradeCheck = 1430;
				TargetAttributes = {
					64B2078D2A1D7DFE00F440EF = {
						CreatedOnToolsVersion = 14.3;
					};
				};
			};
			buildConfigurationList = 64B207892A1D7DFE00F440EF /* Build configuration list for PBXProject "HortCult-PotatosHead" */;
			compatibilityVersion = "Xcode 14.0";
			developmentRegion = en;
			hasScannedForEncodings = 0;
			knownRegions = (
				en,
				Base,
			);
			mainGroup = 64B207852A1D7DFE00F440EF;
			productRefGroup = 64B2078F2A1D7DFE00F440EF /* Products */;
			projectDirPath = "";
			projectRoot = "";
			targets = (
				64B2078D2A1D7DFE00F440EF /* HortCult-PotatosHead */,
			);
		};
/* End PBXProject section */

/* Begin PBXResourcesBuildPhase section */
		64B2078C2A1D7DFE00F440EF /* Resources */ = {
			isa = PBXResourcesBuildPhase;
			buildActionMask = 2147483647;
			files = (
				641D71CB2A26A98B0040CBCC /* Satoshi-Bold.otf in Resources */,
				641D71CD2A26A9940040CBCC /* Satoshi-BoldItalic.otf in Resources */,
				641D71C92A26A9810040CBCC /* Satoshi-BlackItalic.otf in Resources */,
				64B207992A1D7DFF00F440EF /* Preview Assets.xcassets in Resources */,
				641D71D52A26A9C90040CBCC /* Satoshi-MediumItalic.otf in Resources */,
				641D71D32A26A9BC0040CBCC /* Satoshi-LightItalic.otf in Resources */,
				641D71C72A26A9700040CBCC /* Satoshi-Black.otf in Resources */,
				641D71D12A26A9AC0040CBCC /* Satoshi-Light.otf in Resources */,
				641D71D72A26A9D50040CBCC /* Satoshi-Regular.otf in Resources */,
				64B207962A1D7DFF00F440EF /* Assets.xcassets in Resources */,
				641D71C52A26A8B30040CBCC /* Satoshi-Medium.otf in Resources */,
				641D71CF2A26A9A30040CBCC /* Satoshi-Italic.otf in Resources */,
			);
			runOnlyForDeploymentPostprocessing = 0;
		};
/* End PBXResourcesBuildPhase section */

/* Begin PBXSourcesBuildPhase section */
		64B2078A2A1D7DFE00F440EF /* Sources */ = {
			isa = PBXSourcesBuildPhase;
			buildActionMask = 2147483647;
			files = (
				1385EAE22A216899006E3487 /* ScrollProfilePhoto.swift in Sources */,
				64D659BC2A1ED778004F96F9 /* ButtonOnboarding.swift in Sources */,
				54673DD32A2E9D9F00348020 /* AdjustmentView.swift in Sources */,
				EF3922382A3BC761004A5FC2 /* ImageSpace.swift in Sources */,
				64B2079B2A1D7DFF00F440EF /* Persistence.swift in Sources */,
				641207F52A2180F5000D11EB /* OnboardingScreenFour.swift in Sources */,
				EF39223B2A3BE3FD004A5FC2 /* AlertComponent.swift in Sources */,
				64B207942A1D7DFE00F440EF /* OnBoardingScreen.swift in Sources */,
				130AB5462A2942D4003B3006 /* HortaTipo.swift in Sources */,
				64C4765B2A26B1DB006D499A /* CustomTabBar.swift in Sources */,
				64E15AFD2A1D830E0043A96E /* FirstLogin.swift in Sources */,
				54673DDB2A3157D300348020 /* Defaults.swift in Sources */,
				64D659B92A1ECADD004F96F9 /* OnboardingSkull.swift in Sources */,
				54673DD52A2EA52700348020 /* ThemeSelectView.swift in Sources */,
				64B207922A1D7DFE00F440EF /* HortCult_PotatosHeadApp.swift in Sources */,
				54673DCF2A2E9A8200348020 /* adjustmentItem.swift in Sources */,
				641C95392A27EF1E00B20BA3 /* CardProximaRega.swift in Sources */,
				64E15AFA2A1D82E00043A96E /* OnboardingScreenTwo.swift in Sources */,
				9B0663612A2EB2A2001DC0B8 /* HomeView.swift in Sources */,
				EF82B6D42A3A91590012B048 /* ImagePickerComponent.swift in Sources */,
				641207F32A218076000D11EB /* OnboardingScreenThree.swift in Sources */,
				64B207942A1D7DFE00F440EF /* OnBoardingScreen.swift in Sources */,
				64B207942A1D7DFE00F440EF /* OnBoardingScreen.swift in Sources */,
				64119F782A2020C8007DC0B7 /* ViewTesteNav.swift in Sources */,
				130AB54C2A2947D8003B3006 /* FrequenciaRega.swift in Sources */,
				641C95402A27FA7F00B20BA3 /* BotaoFeito.swift in Sources */,
				642014092A1EB86E001DCE6B /* Navigation.swift in Sources */,
				64BC668C2A294D3900A75C63 /* NotificationManager.swift in Sources */,
				646CDFED2A255E4F008E74F1 /* Card.swift in Sources */,
				130AB54A2A29456E003B3006 /* HortaInformation.swift in Sources */,
				3D49C34D2A3921C40026D305 /* MainView.swift in Sources */,
				13A3F0EE2A1ED08900119336 /* HortaComponent.swift in Sources */,
				54673DD72A312F0600348020 /* NavigationIconView.swift in Sources */,
				133E2E242A200F88007BF16F /* DescriptionHorta.swift in Sources */,
				54673DD12A2E9D3300348020 /* RadioButton.swift in Sources */,
				64E15AFD2A1D830E0043A96E /* FirstLogin.swift in Sources */,
				3D49C3502A39270A0026D305 /* TextScreen.swift in Sources */,
				136606932A1EE6710001757A /* ListHortaComponent.swift in Sources */,
				64B207922A1D7DFE00F440EF /* HortCult_PotatosHeadApp.swift in Sources */,
				3D5276062A3A7A92001D2A79 /* DescriptionTextfield.swift in Sources */,
				641C953B2A27EFF400B20BA3 /* BotaoMarcarRegado.swift in Sources */,
				64E15AFA2A1D82E00043A96E /* OnboardingScreenTwo.swift in Sources */,
				133E2E222A200EB9007BF16F /* HeaderMenu.swift in Sources */,
				64B2079E2A1D7DFF00F440EF /* HortCult_PotatosHead.xcdatamodeld in Sources */,
				641D71D92A26B8680040CBCC /* CardLembrete.swift in Sources */,
				3D5276042A3A7A4B001D2A79 /* NameTextfield.swift in Sources */,
			);
			runOnlyForDeploymentPostprocessing = 0;
		};
/* End PBXSourcesBuildPhase section */

/* Begin XCBuildConfiguration section */
		64B2079F2A1D7DFF00F440EF /* Debug */ = {
			isa = XCBuildConfiguration;
			buildSettings = {
				ALWAYS_SEARCH_USER_PATHS = NO;
				CLANG_ANALYZER_NONNULL = YES;
				CLANG_ANALYZER_NUMBER_OBJECT_CONVERSION = YES_AGGRESSIVE;
				CLANG_CXX_LANGUAGE_STANDARD = "gnu++20";
				CLANG_ENABLE_MODULES = YES;
				CLANG_ENABLE_OBJC_ARC = YES;
				CLANG_ENABLE_OBJC_WEAK = YES;
				CLANG_WARN_BLOCK_CAPTURE_AUTORELEASING = YES;
				CLANG_WARN_BOOL_CONVERSION = YES;
				CLANG_WARN_COMMA = YES;
				CLANG_WARN_CONSTANT_CONVERSION = YES;
				CLANG_WARN_DEPRECATED_OBJC_IMPLEMENTATIONS = YES;
				CLANG_WARN_DIRECT_OBJC_ISA_USAGE = YES_ERROR;
				CLANG_WARN_DOCUMENTATION_COMMENTS = YES;
				CLANG_WARN_EMPTY_BODY = YES;
				CLANG_WARN_ENUM_CONVERSION = YES;
				CLANG_WARN_INFINITE_RECURSION = YES;
				CLANG_WARN_INT_CONVERSION = YES;
				CLANG_WARN_NON_LITERAL_NULL_CONVERSION = YES;
				CLANG_WARN_OBJC_IMPLICIT_RETAIN_SELF = YES;
				CLANG_WARN_OBJC_LITERAL_CONVERSION = YES;
				CLANG_WARN_OBJC_ROOT_CLASS = YES_ERROR;
				CLANG_WARN_QUOTED_INCLUDE_IN_FRAMEWORK_HEADER = YES;
				CLANG_WARN_RANGE_LOOP_ANALYSIS = YES;
				CLANG_WARN_STRICT_PROTOTYPES = YES;
				CLANG_WARN_SUSPICIOUS_MOVE = YES;
				CLANG_WARN_UNGUARDED_AVAILABILITY = YES_AGGRESSIVE;
				CLANG_WARN_UNREACHABLE_CODE = YES;
				CLANG_WARN__DUPLICATE_METHOD_MATCH = YES;
				COPY_PHASE_STRIP = NO;
				DEBUG_INFORMATION_FORMAT = dwarf;
				ENABLE_STRICT_OBJC_MSGSEND = YES;
				ENABLE_TESTABILITY = YES;
				GCC_C_LANGUAGE_STANDARD = gnu11;
				GCC_DYNAMIC_NO_PIC = NO;
				GCC_NO_COMMON_BLOCKS = YES;
				GCC_OPTIMIZATION_LEVEL = 0;
				GCC_PREPROCESSOR_DEFINITIONS = (
					"DEBUG=1",
					"$(inherited)",
				);
				GCC_WARN_64_TO_32_BIT_CONVERSION = YES;
				GCC_WARN_ABOUT_RETURN_TYPE = YES_ERROR;
				GCC_WARN_UNDECLARED_SELECTOR = YES;
				GCC_WARN_UNINITIALIZED_AUTOS = YES_AGGRESSIVE;
				GCC_WARN_UNUSED_FUNCTION = YES;
				GCC_WARN_UNUSED_VARIABLE = YES;
				IPHONEOS_DEPLOYMENT_TARGET = 16.4;
				MTL_ENABLE_DEBUG_INFO = INCLUDE_SOURCE;
				MTL_FAST_MATH = YES;
				ONLY_ACTIVE_ARCH = YES;
				SDKROOT = iphoneos;
				SWIFT_ACTIVE_COMPILATION_CONDITIONS = DEBUG;
				SWIFT_OPTIMIZATION_LEVEL = "-Onone";
			};
			name = Debug;
		};
		64B207A02A1D7DFF00F440EF /* Release */ = {
			isa = XCBuildConfiguration;
			buildSettings = {
				ALWAYS_SEARCH_USER_PATHS = NO;
				CLANG_ANALYZER_NONNULL = YES;
				CLANG_ANALYZER_NUMBER_OBJECT_CONVERSION = YES_AGGRESSIVE;
				CLANG_CXX_LANGUAGE_STANDARD = "gnu++20";
				CLANG_ENABLE_MODULES = YES;
				CLANG_ENABLE_OBJC_ARC = YES;
				CLANG_ENABLE_OBJC_WEAK = YES;
				CLANG_WARN_BLOCK_CAPTURE_AUTORELEASING = YES;
				CLANG_WARN_BOOL_CONVERSION = YES;
				CLANG_WARN_COMMA = YES;
				CLANG_WARN_CONSTANT_CONVERSION = YES;
				CLANG_WARN_DEPRECATED_OBJC_IMPLEMENTATIONS = YES;
				CLANG_WARN_DIRECT_OBJC_ISA_USAGE = YES_ERROR;
				CLANG_WARN_DOCUMENTATION_COMMENTS = YES;
				CLANG_WARN_EMPTY_BODY = YES;
				CLANG_WARN_ENUM_CONVERSION = YES;
				CLANG_WARN_INFINITE_RECURSION = YES;
				CLANG_WARN_INT_CONVERSION = YES;
				CLANG_WARN_NON_LITERAL_NULL_CONVERSION = YES;
				CLANG_WARN_OBJC_IMPLICIT_RETAIN_SELF = YES;
				CLANG_WARN_OBJC_LITERAL_CONVERSION = YES;
				CLANG_WARN_OBJC_ROOT_CLASS = YES_ERROR;
				CLANG_WARN_QUOTED_INCLUDE_IN_FRAMEWORK_HEADER = YES;
				CLANG_WARN_RANGE_LOOP_ANALYSIS = YES;
				CLANG_WARN_STRICT_PROTOTYPES = YES;
				CLANG_WARN_SUSPICIOUS_MOVE = YES;
				CLANG_WARN_UNGUARDED_AVAILABILITY = YES_AGGRESSIVE;
				CLANG_WARN_UNREACHABLE_CODE = YES;
				CLANG_WARN__DUPLICATE_METHOD_MATCH = YES;
				COPY_PHASE_STRIP = NO;
				DEBUG_INFORMATION_FORMAT = "dwarf-with-dsym";
				ENABLE_NS_ASSERTIONS = NO;
				ENABLE_STRICT_OBJC_MSGSEND = YES;
				GCC_C_LANGUAGE_STANDARD = gnu11;
				GCC_NO_COMMON_BLOCKS = YES;
				GCC_WARN_64_TO_32_BIT_CONVERSION = YES;
				GCC_WARN_ABOUT_RETURN_TYPE = YES_ERROR;
				GCC_WARN_UNDECLARED_SELECTOR = YES;
				GCC_WARN_UNINITIALIZED_AUTOS = YES_AGGRESSIVE;
				GCC_WARN_UNUSED_FUNCTION = YES;
				GCC_WARN_UNUSED_VARIABLE = YES;
				IPHONEOS_DEPLOYMENT_TARGET = 16.4;
				MTL_ENABLE_DEBUG_INFO = NO;
				MTL_FAST_MATH = YES;
				SDKROOT = iphoneos;
				SWIFT_COMPILATION_MODE = wholemodule;
				SWIFT_OPTIMIZATION_LEVEL = "-O";
				VALIDATE_PRODUCT = YES;
			};
			name = Release;
		};
		64B207A22A1D7DFF00F440EF /* Debug */ = {
			isa = XCBuildConfiguration;
			buildSettings = {
				ASSETCATALOG_COMPILER_APPICON_NAME = AppIcon;
				ASSETCATALOG_COMPILER_GLOBAL_ACCENT_COLOR_NAME = AccentColor;
				CODE_SIGN_STYLE = Automatic;
				CURRENT_PROJECT_VERSION = 1;
				DEVELOPMENT_ASSET_PATHS = "\"HortCult-PotatosHead/Preview Content\"";
				ENABLE_PREVIEWS = YES;
				GENERATE_INFOPLIST_FILE = YES;
				INFOPLIST_FILE = "HortCult-PotatosHead/Info.plist";
				INFOPLIST_KEY_UIApplicationSceneManifest_Generation = YES;
				INFOPLIST_KEY_UIApplicationSupportsIndirectInputEvents = YES;
				INFOPLIST_KEY_UISupportedInterfaceOrientations_iPad = "UIInterfaceOrientationPortrait UIInterfaceOrientationPortraitUpsideDown UIInterfaceOrientationLandscapeLeft UIInterfaceOrientationLandscapeRight";
				INFOPLIST_KEY_UISupportedInterfaceOrientations_iPhone = "UIInterfaceOrientationPortrait UIInterfaceOrientationLandscapeLeft UIInterfaceOrientationLandscapeRight";
				IPHONEOS_DEPLOYMENT_TARGET = 16.0;
				LD_RUNPATH_SEARCH_PATHS = (
					"$(inherited)",
					"@executable_path/Frameworks",
				);
				MARKETING_VERSION = 1.0;
				PRODUCT_BUNDLE_IDENTIFIER = "PotatosHead.HortCult-PotatosHead";
				PRODUCT_NAME = "$(TARGET_NAME)";
				SWIFT_EMIT_LOC_STRINGS = YES;
				SWIFT_VERSION = 5.0;
				TARGETED_DEVICE_FAMILY = "1,2";
			};
			name = Debug;
		};
		64B207A32A1D7DFF00F440EF /* Release */ = {
			isa = XCBuildConfiguration;
			buildSettings = {
				ASSETCATALOG_COMPILER_APPICON_NAME = AppIcon;
				ASSETCATALOG_COMPILER_GLOBAL_ACCENT_COLOR_NAME = AccentColor;
				CODE_SIGN_STYLE = Automatic;
				CURRENT_PROJECT_VERSION = 1;
				DEVELOPMENT_ASSET_PATHS = "\"HortCult-PotatosHead/Preview Content\"";
				ENABLE_PREVIEWS = YES;
				GENERATE_INFOPLIST_FILE = YES;
				INFOPLIST_FILE = "HortCult-PotatosHead/Info.plist";
				INFOPLIST_KEY_UIApplicationSceneManifest_Generation = YES;
				INFOPLIST_KEY_UIApplicationSupportsIndirectInputEvents = YES;
				INFOPLIST_KEY_UISupportedInterfaceOrientations_iPad = "UIInterfaceOrientationPortrait UIInterfaceOrientationPortraitUpsideDown UIInterfaceOrientationLandscapeLeft UIInterfaceOrientationLandscapeRight";
				INFOPLIST_KEY_UISupportedInterfaceOrientations_iPhone = "UIInterfaceOrientationPortrait UIInterfaceOrientationLandscapeLeft UIInterfaceOrientationLandscapeRight";
				IPHONEOS_DEPLOYMENT_TARGET = 16.0;
				LD_RUNPATH_SEARCH_PATHS = (
					"$(inherited)",
					"@executable_path/Frameworks",
				);
				MARKETING_VERSION = 1.0;
				PRODUCT_BUNDLE_IDENTIFIER = "PotatosHead.HortCult-PotatosHead";
				PRODUCT_NAME = "$(TARGET_NAME)";
				SWIFT_EMIT_LOC_STRINGS = YES;
				SWIFT_VERSION = 5.0;
				TARGETED_DEVICE_FAMILY = "1,2";
			};
			name = Release;
		};
/* End XCBuildConfiguration section */

/* Begin XCConfigurationList section */
		64B207892A1D7DFE00F440EF /* Build configuration list for PBXProject "HortCult-PotatosHead" */ = {
			isa = XCConfigurationList;
			buildConfigurations = (
				64B2079F2A1D7DFF00F440EF /* Debug */,
				64B207A02A1D7DFF00F440EF /* Release */,
			);
			defaultConfigurationIsVisible = 0;
			defaultConfigurationName = Release;
		};
		64B207A12A1D7DFF00F440EF /* Build configuration list for PBXNativeTarget "HortCult-PotatosHead" */ = {
			isa = XCConfigurationList;
			buildConfigurations = (
				64B207A22A1D7DFF00F440EF /* Debug */,
				64B207A32A1D7DFF00F440EF /* Release */,
			);
			defaultConfigurationIsVisible = 0;
			defaultConfigurationName = Release;
		};
/* End XCConfigurationList section */

/* Begin XCVersionGroup section */
		64B2079C2A1D7DFF00F440EF /* HortCult_PotatosHead.xcdatamodeld */ = {
			isa = XCVersionGroup;
			children = (
				64B2079D2A1D7DFF00F440EF /* HortCult_PotatosHead.xcdatamodel */,
			);
			currentVersion = 64B2079D2A1D7DFF00F440EF /* HortCult_PotatosHead.xcdatamodel */;
			path = HortCult_PotatosHead.xcdatamodeld;
			sourceTree = "<group>";
			versionGroupType = wrapper.xcdatamodel;
		};
/* End XCVersionGroup section */
	};
	rootObject = 64B207862A1D7DFE00F440EF /* Project object */;
}
