// !$*UTF8*$!
{
	archiveVersion = 1;
	classes = {
	};
	objectVersion = 56;
	objects = {

/* Begin PBXBuildFile section */
		133E2E222A200EB9007BF16F /* HeaderMenu.swift in Sources */ = {isa = PBXBuildFile; fileRef = 133E2E212A200EB9007BF16F /* HeaderMenu.swift */; };
		133E2E242A200F88007BF16F /* DescriptionHorta.swift in Sources */ = {isa = PBXBuildFile; fileRef = 133E2E232A200F88007BF16F /* DescriptionHorta.swift */; };
		136606932A1EE6710001757A /* ListHorta.swift in Sources */ = {isa = PBXBuildFile; fileRef = 136606922A1EE6710001757A /* ListHorta.swift */; };
		13A3F0EE2A1ED08900119336 /* HortaComponent.swift in Sources */ = {isa = PBXBuildFile; fileRef = 13A3F0ED2A1ED08900119336 /* HortaComponent.swift */; };
		64B207922A1D7DFE00F440EF /* HortCult_PotatosHeadApp.swift in Sources */ = {isa = PBXBuildFile; fileRef = 64B207912A1D7DFE00F440EF /* HortCult_PotatosHeadApp.swift */; };
		64B207942A1D7DFE00F440EF /* ContentView.swift in Sources */ = {isa = PBXBuildFile; fileRef = 64B207932A1D7DFE00F440EF /* ContentView.swift */; };
		64B207962A1D7DFF00F440EF /* Assets.xcassets in Resources */ = {isa = PBXBuildFile; fileRef = 64B207952A1D7DFF00F440EF /* Assets.xcassets */; };
		64B207992A1D7DFF00F440EF /* Preview Assets.xcassets in Resources */ = {isa = PBXBuildFile; fileRef = 64B207982A1D7DFF00F440EF /* Preview Assets.xcassets */; };
		64B2079B2A1D7DFF00F440EF /* Persistence.swift in Sources */ = {isa = PBXBuildFile; fileRef = 64B2079A2A1D7DFF00F440EF /* Persistence.swift */; };
		64B2079E2A1D7DFF00F440EF /* HortCult_PotatosHead.xcdatamodeld in Sources */ = {isa = PBXBuildFile; fileRef = 64B2079C2A1D7DFF00F440EF /* HortCult_PotatosHead.xcdatamodeld */; };
		64E15AFA2A1D82E00043A96E /* HomeView.swift in Sources */ = {isa = PBXBuildFile; fileRef = 64E15AF92A1D82E00043A96E /* HomeView.swift */; };
		64E15AFD2A1D830E0043A96E /* FirstLogin.swift in Sources */ = {isa = PBXBuildFile; fileRef = 64E15AFC2A1D830E0043A96E /* FirstLogin.swift */; };
/* End PBXBuildFile section */

/* Begin PBXFileReference section */
		133E2E212A200EB9007BF16F /* HeaderMenu.swift */ = {isa = PBXFileReference; lastKnownFileType = sourcecode.swift; path = HeaderMenu.swift; sourceTree = "<group>"; };
		133E2E232A200F88007BF16F /* DescriptionHorta.swift */ = {isa = PBXFileReference; lastKnownFileType = sourcecode.swift; path = DescriptionHorta.swift; sourceTree = "<group>"; };
		136606922A1EE6710001757A /* ListHorta.swift */ = {isa = PBXFileReference; lastKnownFileType = sourcecode.swift; path = ListHorta.swift; sourceTree = "<group>"; };
		13A3F0ED2A1ED08900119336 /* HortaComponent.swift */ = {isa = PBXFileReference; lastKnownFileType = sourcecode.swift; path = HortaComponent.swift; sourceTree = "<group>"; };
		64B2078E2A1D7DFE00F440EF /* HortCult-PotatosHead.app */ = {isa = PBXFileReference; explicitFileType = wrapper.application; includeInIndex = 0; path = "HortCult-PotatosHead.app"; sourceTree = BUILT_PRODUCTS_DIR; };
		64B207912A1D7DFE00F440EF /* HortCult_PotatosHeadApp.swift */ = {isa = PBXFileReference; lastKnownFileType = sourcecode.swift; path = HortCult_PotatosHeadApp.swift; sourceTree = "<group>"; };
		64B207932A1D7DFE00F440EF /* ContentView.swift */ = {isa = PBXFileReference; lastKnownFileType = sourcecode.swift; path = ContentView.swift; sourceTree = "<group>"; };
		64B207952A1D7DFF00F440EF /* Assets.xcassets */ = {isa = PBXFileReference; lastKnownFileType = folder.assetcatalog; path = Assets.xcassets; sourceTree = "<group>"; };
		64B207982A1D7DFF00F440EF /* Preview Assets.xcassets */ = {isa = PBXFileReference; lastKnownFileType = folder.assetcatalog; path = "Preview Assets.xcassets"; sourceTree = "<group>"; };
		64B2079A2A1D7DFF00F440EF /* Persistence.swift */ = {isa = PBXFileReference; lastKnownFileType = sourcecode.swift; path = Persistence.swift; sourceTree = "<group>"; };
		64B2079D2A1D7DFF00F440EF /* HortCult_PotatosHead.xcdatamodel */ = {isa = PBXFileReference; lastKnownFileType = wrapper.xcdatamodel; path = HortCult_PotatosHead.xcdatamodel; sourceTree = "<group>"; };
		64E15AF72A1D80750043A96E /* Info.plist */ = {isa = PBXFileReference; lastKnownFileType = text.plist; path = Info.plist; sourceTree = "<group>"; };
		64E15AF92A1D82E00043A96E /* HomeView.swift */ = {isa = PBXFileReference; lastKnownFileType = sourcecode.swift; path = HomeView.swift; sourceTree = "<group>"; };
		64E15AFC2A1D830E0043A96E /* FirstLogin.swift */ = {isa = PBXFileReference; lastKnownFileType = sourcecode.swift; path = FirstLogin.swift; sourceTree = "<group>"; };
/* End PBXFileReference section */

/* Begin PBXFrameworksBuildPhase section */
		64B2078B2A1D7DFE00F440EF /* Frameworks */ = {
			isa = PBXFrameworksBuildPhase;
			buildActionMask = 2147483647;
			files = (
			);
			runOnlyForDeploymentPostprocessing = 0;
		};
/* End PBXFrameworksBuildPhase section */

/* Begin PBXGroup section */
		136606912A1EE6570001757A /* MinhaHorta */ = {
			isa = PBXGroup;
			children = (
				13A3F0ED2A1ED08900119336 /* HortaComponent.swift */,
				136606922A1EE6710001757A /* ListHorta.swift */,
				133E2E212A200EB9007BF16F /* HeaderMenu.swift */,
				133E2E232A200F88007BF16F /* DescriptionHorta.swift */,
			);
			path = MinhaHorta;
			sourceTree = "<group>";
		};
		64B207852A1D7DFE00F440EF = {
			isa = PBXGroup;
			children = (
				64B207902A1D7DFE00F440EF /* HortCult-PotatosHead */,
				64B2078F2A1D7DFE00F440EF /* Products */,
			);
			sourceTree = "<group>";
		};
		64B2078F2A1D7DFE00F440EF /* Products */ = {
			isa = PBXGroup;
			children = (
				64B2078E2A1D7DFE00F440EF /* HortCult-PotatosHead.app */,
			);
			name = Products;
			sourceTree = "<group>";
		};
		64B207902A1D7DFE00F440EF /* HortCult-PotatosHead */ = {
			isa = PBXGroup;
			children = (
				64E15AF72A1D80750043A96E /* Info.plist */,
				64B207912A1D7DFE00F440EF /* HortCult_PotatosHeadApp.swift */,
				64B207932A1D7DFE00F440EF /* ContentView.swift */,
				64E15AF82A1D82AF0043A96E /* Views */,
				64B207952A1D7DFF00F440EF /* Assets.xcassets */,
				64B2079A2A1D7DFF00F440EF /* Persistence.swift */,
				64B2079C2A1D7DFF00F440EF /* HortCult_PotatosHead.xcdatamodeld */,
				64B207972A1D7DFF00F440EF /* Preview Content */,
			);
			path = "HortCult-PotatosHead";
			sourceTree = "<group>";
		};
		64B207972A1D7DFF00F440EF /* Preview Content */ = {
			isa = PBXGroup;
			children = (
				64B207982A1D7DFF00F440EF /* Preview Assets.xcassets */,
			);
			path = "Preview Content";
			sourceTree = "<group>";
		};
		64E15AF82A1D82AF0043A96E /* Views */ = {
			isa = PBXGroup;
			children = (
				136606912A1EE6570001757A /* MinhaHorta */,
				64E15AF92A1D82E00043A96E /* HomeView.swift */,
				64E15AFC2A1D830E0043A96E /* FirstLogin.swift */,
			);
			path = Views;
			sourceTree = "<group>";
		};
/* End PBXGroup section */

/* Begin PBXNativeTarget section */
		64B2078D2A1D7DFE00F440EF /* HortCult-PotatosHead */ = {
			isa = PBXNativeTarget;
			buildConfigurationList = 64B207A12A1D7DFF00F440EF /* Build configuration list for PBXNativeTarget "HortCult-PotatosHead" */;
			buildPhases = (
				64B2078A2A1D7DFE00F440EF /* Sources */,
				64B2078B2A1D7DFE00F440EF /* Frameworks */,
				64B2078C2A1D7DFE00F440EF /* Resources */,
			);
			buildRules = (
			);
			dependencies = (
			);
			name = "HortCult-PotatosHead";
			productName = "HortCult-PotatosHead";
			productReference = 64B2078E2A1D7DFE00F440EF /* HortCult-PotatosHead.app */;
			productType = "com.apple.product-type.application";
		};
/* End PBXNativeTarget section */

/* Begin PBXProject section */
		64B207862A1D7DFE00F440EF /* Project object */ = {
			isa = PBXProject;
			attributes = {
				BuildIndependentTargetsInParallel = 1;
				LastSwiftUpdateCheck = 1430;
				LastUpgradeCheck = 1430;
				TargetAttributes = {
					64B2078D2A1D7DFE00F440EF = {
						CreatedOnToolsVersion = 14.3;
					};
				};
			};
			buildConfigurationList = 64B207892A1D7DFE00F440EF /* Build configuration list for PBXProject "HortCult-PotatosHead" */;
			compatibilityVersion = "Xcode 14.0";
			developmentRegion = en;
			hasScannedForEncodings = 0;
			knownRegions = (
				en,
				Base,
			);
			mainGroup = 64B207852A1D7DFE00F440EF;
			productRefGroup = 64B2078F2A1D7DFE00F440EF /* Products */;
			projectDirPath = "";
			projectRoot = "";
			targets = (
				64B2078D2A1D7DFE00F440EF /* HortCult-PotatosHead */,
			);
		};
/* End PBXProject section */

/* Begin PBXResourcesBuildPhase section */
		64B2078C2A1D7DFE00F440EF /* Resources */ = {
			isa = PBXResourcesBuildPhase;
			buildActionMask = 2147483647;
			files = (
				64B207992A1D7DFF00F440EF /* Preview Assets.xcassets in Resources */,
				64B207962A1D7DFF00F440EF /* Assets.xcassets in Resources */,
			);
			runOnlyForDeploymentPostprocessing = 0;
		};
/* End PBXResourcesBuildPhase section */

/* Begin PBXSourcesBuildPhase section */
		64B2078A2A1D7DFE00F440EF /* Sources */ = {
			isa = PBXSourcesBuildPhase;
			buildActionMask = 2147483647;
			files = (
				64B2079B2A1D7DFF00F440EF /* Persistence.swift in Sources */,
				64B207942A1D7DFE00F440EF /* ContentView.swift in Sources */,
				13A3F0EE2A1ED08900119336 /* HortaComponent.swift in Sources */,
				133E2E242A200F88007BF16F /* DescriptionHorta.swift in Sources */,
				64E15AFD2A1D830E0043A96E /* FirstLogin.swift in Sources */,
				136606932A1EE6710001757A /* ListHorta.swift in Sources */,
				64B207922A1D7DFE00F440EF /* HortCult_PotatosHeadApp.swift in Sources */,
				64E15AFA2A1D82E00043A96E /* HomeView.swift in Sources */,
				133E2E222A200EB9007BF16F /* HeaderMenu.swift in Sources */,
				64B2079E2A1D7DFF00F440EF /* HortCult_PotatosHead.xcdatamodeld in Sources */,
			);
			runOnlyForDeploymentPostprocessing = 0;
		};
/* End PBXSourcesBuildPhase section */

/* Begin XCBuildConfiguration section */
		64B2079F2A1D7DFF00F440EF /* Debug */ = {
			isa = XCBuildConfiguration;
			buildSettings = {
				ALWAYS_SEARCH_USER_PATHS = NO;
				CLANG_ANALYZER_NONNULL = YES;
				CLANG_ANALYZER_NUMBER_OBJECT_CONVERSION = YES_AGGRESSIVE;
				CLANG_CXX_LANGUAGE_STANDARD = "gnu++20";
				CLANG_ENABLE_MODULES = YES;
				CLANG_ENABLE_OBJC_ARC = YES;
				CLANG_ENABLE_OBJC_WEAK = YES;
				CLANG_WARN_BLOCK_CAPTURE_AUTORELEASING = YES;
				CLANG_WARN_BOOL_CONVERSION = YES;
				CLANG_WARN_COMMA = YES;
				CLANG_WARN_CONSTANT_CONVERSION = YES;
				CLANG_WARN_DEPRECATED_OBJC_IMPLEMENTATIONS = YES;
				CLANG_WARN_DIRECT_OBJC_ISA_USAGE = YES_ERROR;
				CLANG_WARN_DOCUMENTATION_COMMENTS = YES;
				CLANG_WARN_EMPTY_BODY = YES;
				CLANG_WARN_ENUM_CONVERSION = YES;
				CLANG_WARN_INFINITE_RECURSION = YES;
				CLANG_WARN_INT_CONVERSION = YES;
				CLANG_WARN_NON_LITERAL_NULL_CONVERSION = YES;
				CLANG_WARN_OBJC_IMPLICIT_RETAIN_SELF = YES;
				CLANG_WARN_OBJC_LITERAL_CONVERSION = YES;
				CLANG_WARN_OBJC_ROOT_CLASS = YES_ERROR;
				CLANG_WARN_QUOTED_INCLUDE_IN_FRAMEWORK_HEADER = YES;
				CLANG_WARN_RANGE_LOOP_ANALYSIS = YES;
				CLANG_WARN_STRICT_PROTOTYPES = YES;
				CLANG_WARN_SUSPICIOUS_MOVE = YES;
				CLANG_WARN_UNGUARDED_AVAILABILITY = YES_AGGRESSIVE;
				CLANG_WARN_UNREACHABLE_CODE = YES;
				CLANG_WARN__DUPLICATE_METHOD_MATCH = YES;
				COPY_PHASE_STRIP = NO;
				DEBUG_INFORMATION_FORMAT = dwarf;
				ENABLE_STRICT_OBJC_MSGSEND = YES;
				ENABLE_TESTABILITY = YES;
				GCC_C_LANGUAGE_STANDARD = gnu11;
				GCC_DYNAMIC_NO_PIC = NO;
				GCC_NO_COMMON_BLOCKS = YES;
				GCC_OPTIMIZATION_LEVEL = 0;
				GCC_PREPROCESSOR_DEFINITIONS = (
					"DEBUG=1",
					"$(inherited)",
				);
				GCC_WARN_64_TO_32_BIT_CONVERSION = YES;
				GCC_WARN_ABOUT_RETURN_TYPE = YES_ERROR;
				GCC_WARN_UNDECLARED_SELECTOR = YES;
				GCC_WARN_UNINITIALIZED_AUTOS = YES_AGGRESSIVE;
				GCC_WARN_UNUSED_FUNCTION = YES;
				GCC_WARN_UNUSED_VARIABLE = YES;
				IPHONEOS_DEPLOYMENT_TARGET = 16.4;
				MTL_ENABLE_DEBUG_INFO = INCLUDE_SOURCE;
				MTL_FAST_MATH = YES;
				ONLY_ACTIVE_ARCH = YES;
				SDKROOT = iphoneos;
				SWIFT_ACTIVE_COMPILATION_CONDITIONS = DEBUG;
				SWIFT_OPTIMIZATION_LEVEL = "-Onone";
			};
			name = Debug;
		};
		64B207A02A1D7DFF00F440EF /* Release */ = {
			isa = XCBuildConfiguration;
			buildSettings = {
				ALWAYS_SEARCH_USER_PATHS = NO;
				CLANG_ANALYZER_NONNULL = YES;
				CLANG_ANALYZER_NUMBER_OBJECT_CONVERSION = YES_AGGRESSIVE;
				CLANG_CXX_LANGUAGE_STANDARD = "gnu++20";
				CLANG_ENABLE_MODULES = YES;
				CLANG_ENABLE_OBJC_ARC = YES;
				CLANG_ENABLE_OBJC_WEAK = YES;
				CLANG_WARN_BLOCK_CAPTURE_AUTORELEASING = YES;
				CLANG_WARN_BOOL_CONVERSION = YES;
				CLANG_WARN_COMMA = YES;
				CLANG_WARN_CONSTANT_CONVERSION = YES;
				CLANG_WARN_DEPRECATED_OBJC_IMPLEMENTATIONS = YES;
				CLANG_WARN_DIRECT_OBJC_ISA_USAGE = YES_ERROR;
				CLANG_WARN_DOCUMENTATION_COMMENTS = YES;
				CLANG_WARN_EMPTY_BODY = YES;
				CLANG_WARN_ENUM_CONVERSION = YES;
				CLANG_WARN_INFINITE_RECURSION = YES;
				CLANG_WARN_INT_CONVERSION = YES;
				CLANG_WARN_NON_LITERAL_NULL_CONVERSION = YES;
				CLANG_WARN_OBJC_IMPLICIT_RETAIN_SELF = YES;
				CLANG_WARN_OBJC_LITERAL_CONVERSION = YES;
				CLANG_WARN_OBJC_ROOT_CLASS = YES_ERROR;
				CLANG_WARN_QUOTED_INCLUDE_IN_FRAMEWORK_HEADER = YES;
				CLANG_WARN_RANGE_LOOP_ANALYSIS = YES;
				CLANG_WARN_STRICT_PROTOTYPES = YES;
				CLANG_WARN_SUSPICIOUS_MOVE = YES;
				CLANG_WARN_UNGUARDED_AVAILABILITY = YES_AGGRESSIVE;
				CLANG_WARN_UNREACHABLE_CODE = YES;
				CLANG_WARN__DUPLICATE_METHOD_MATCH = YES;
				COPY_PHASE_STRIP = NO;
				DEBUG_INFORMATION_FORMAT = "dwarf-with-dsym";
				ENABLE_NS_ASSERTIONS = NO;
				ENABLE_STRICT_OBJC_MSGSEND = YES;
				GCC_C_LANGUAGE_STANDARD = gnu11;
				GCC_NO_COMMON_BLOCKS = YES;
				GCC_WARN_64_TO_32_BIT_CONVERSION = YES;
				GCC_WARN_ABOUT_RETURN_TYPE = YES_ERROR;
				GCC_WARN_UNDECLARED_SELECTOR = YES;
				GCC_WARN_UNINITIALIZED_AUTOS = YES_AGGRESSIVE;
				GCC_WARN_UNUSED_FUNCTION = YES;
				GCC_WARN_UNUSED_VARIABLE = YES;
				IPHONEOS_DEPLOYMENT_TARGET = 16.4;
				MTL_ENABLE_DEBUG_INFO = NO;
				MTL_FAST_MATH = YES;
				SDKROOT = iphoneos;
				SWIFT_COMPILATION_MODE = wholemodule;
				SWIFT_OPTIMIZATION_LEVEL = "-O";
				VALIDATE_PRODUCT = YES;
			};
			name = Release;
		};
		64B207A22A1D7DFF00F440EF /* Debug */ = {
			isa = XCBuildConfiguration;
			buildSettings = {
				ASSETCATALOG_COMPILER_APPICON_NAME = AppIcon;
				ASSETCATALOG_COMPILER_GLOBAL_ACCENT_COLOR_NAME = AccentColor;
				CODE_SIGN_STYLE = Automatic;
				CURRENT_PROJECT_VERSION = 1;
				DEVELOPMENT_ASSET_PATHS = "\"HortCult-PotatosHead/Preview Content\"";
				ENABLE_PREVIEWS = YES;
				GENERATE_INFOPLIST_FILE = YES;
				INFOPLIST_FILE = "HortCult-PotatosHead/Info.plist";
				INFOPLIST_KEY_UIApplicationSceneManifest_Generation = YES;
				INFOPLIST_KEY_UIApplicationSupportsIndirectInputEvents = YES;
				INFOPLIST_KEY_UISupportedInterfaceOrientations_iPad = "UIInterfaceOrientationPortrait UIInterfaceOrientationPortraitUpsideDown UIInterfaceOrientationLandscapeLeft UIInterfaceOrientationLandscapeRight";
				INFOPLIST_KEY_UISupportedInterfaceOrientations_iPhone = "UIInterfaceOrientationPortrait UIInterfaceOrientationLandscapeLeft UIInterfaceOrientationLandscapeRight";
				IPHONEOS_DEPLOYMENT_TARGET = 14.0;
				LD_RUNPATH_SEARCH_PATHS = (
					"$(inherited)",
					"@executable_path/Frameworks",
				);
				MARKETING_VERSION = 1.0;
				PRODUCT_BUNDLE_IDENTIFIER = "PotatosHead.HortCult-PotatosHead";
				PRODUCT_NAME = "$(TARGET_NAME)";
				SWIFT_EMIT_LOC_STRINGS = YES;
				SWIFT_VERSION = 5.0;
				TARGETED_DEVICE_FAMILY = "1,2";
			};
			name = Debug;
		};
		64B207A32A1D7DFF00F440EF /* Release */ = {
			isa = XCBuildConfiguration;
			buildSettings = {
				ASSETCATALOG_COMPILER_APPICON_NAME = AppIcon;
				ASSETCATALOG_COMPILER_GLOBAL_ACCENT_COLOR_NAME = AccentColor;
				CODE_SIGN_STYLE = Automatic;
				CURRENT_PROJECT_VERSION = 1;
				DEVELOPMENT_ASSET_PATHS = "\"HortCult-PotatosHead/Preview Content\"";
				ENABLE_PREVIEWS = YES;
				GENERATE_INFOPLIST_FILE = YES;
				INFOPLIST_FILE = "HortCult-PotatosHead/Info.plist";
				INFOPLIST_KEY_UIApplicationSceneManifest_Generation = YES;
				INFOPLIST_KEY_UIApplicationSupportsIndirectInputEvents = YES;
				INFOPLIST_KEY_UISupportedInterfaceOrientations_iPad = "UIInterfaceOrientationPortrait UIInterfaceOrientationPortraitUpsideDown UIInterfaceOrientationLandscapeLeft UIInterfaceOrientationLandscapeRight";
				INFOPLIST_KEY_UISupportedInterfaceOrientations_iPhone = "UIInterfaceOrientationPortrait UIInterfaceOrientationLandscapeLeft UIInterfaceOrientationLandscapeRight";
				IPHONEOS_DEPLOYMENT_TARGET = 14.0;
				LD_RUNPATH_SEARCH_PATHS = (
					"$(inherited)",
					"@executable_path/Frameworks",
				);
				MARKETING_VERSION = 1.0;
				PRODUCT_BUNDLE_IDENTIFIER = "PotatosHead.HortCult-PotatosHead";
				PRODUCT_NAME = "$(TARGET_NAME)";
				SWIFT_EMIT_LOC_STRINGS = YES;
				SWIFT_VERSION = 5.0;
				TARGETED_DEVICE_FAMILY = "1,2";
			};
			name = Release;
		};
/* End XCBuildConfiguration section */

/* Begin XCConfigurationList section */
		64B207892A1D7DFE00F440EF /* Build configuration list for PBXProject "HortCult-PotatosHead" */ = {
			isa = XCConfigurationList;
			buildConfigurations = (
				64B2079F2A1D7DFF00F440EF /* Debug */,
				64B207A02A1D7DFF00F440EF /* Release */,
			);
			defaultConfigurationIsVisible = 0;
			defaultConfigurationName = Release;
		};
		64B207A12A1D7DFF00F440EF /* Build configuration list for PBXNativeTarget "HortCult-PotatosHead" */ = {
			isa = XCConfigurationList;
			buildConfigurations = (
				64B207A22A1D7DFF00F440EF /* Debug */,
				64B207A32A1D7DFF00F440EF /* Release */,
			);
			defaultConfigurationIsVisible = 0;
			defaultConfigurationName = Release;
		};
/* End XCConfigurationList section */

/* Begin XCVersionGroup section */
		64B2079C2A1D7DFF00F440EF /* HortCult_PotatosHead.xcdatamodeld */ = {
			isa = XCVersionGroup;
			children = (
				64B2079D2A1D7DFF00F440EF /* HortCult_PotatosHead.xcdatamodel */,
			);
			currentVersion = 64B2079D2A1D7DFF00F440EF /* HortCult_PotatosHead.xcdatamodel */;
			path = HortCult_PotatosHead.xcdatamodeld;
			sourceTree = "<group>";
			versionGroupType = wrapper.xcdatamodel;
		};
/* End XCVersionGroup section */
	};
	rootObject = 64B207862A1D7DFE00F440EF /* Project object */;
}
